// !$*UTF8*$!
{
	archiveVersion = 1;
	classes = {
	};
	objectVersion = 77;
	objects = {

/* Begin PBXBuildFile section */
		E363BDAA9778A62FE728DDB4 /* Pods_LOGIN.framework in Frameworks */ = {isa = PBXBuildFile; fileRef = AC13F69A6F007946F2B97A34 /* Pods_LOGIN.framework */; };
/* End PBXBuildFile section */

/* Begin PBXContainerItemProxy section */
		4A05B0AF3008FCB200E9D202 /* PBXContainerItemProxy */ = {
			isa = PBXContainerItemProxy;
			containerPortal = 4A05B0563008EC1B00E9D202 /* Project object */;
			proxyType = 1;
			remoteGlobalIDString = 4A05B05D3008EC1B00E9D202;
			remoteInfo = LOGIN;
		};
/* End PBXContainerItemProxy section */

/* Begin PBXFileReference section */
		49BF56870BBF34B4F9A1AFDC /* Pods-LOGIN.debug.xcconfig */ = {isa = PBXFileReference; includeInIndex = 1; lastKnownFileType = text.xcconfig; name = "Pods-LOGIN.debug.xcconfig"; path = "Target Support Files/Pods-LOGIN/Pods-LOGIN.debug.xcconfig"; sourceTree = "<group>"; };
		4A05B05E3008EC1B00E9D202 /* LOGIN.app */ = {isa = PBXFileReference; explicitFileType = wrapper.application; includeInIndex = 0; path = LOGIN.app; sourceTree = BUILT_PRODUCTS_DIR; };
		4A05B0913008F17A00E9D202 /* MockHTTPClient.swift */ = {isa = PBXFileReference; lastKnownFileType = sourcecode.swift; path = MockHTTPClient.swift; sourceTree = "<group>"; };
		4A05B0923008F17C00E9D202 /* MockKeychainService.swift */ = {isa = PBXFileReference; lastKnownFileType = sourcecode.swift; path = MockKeychainService.swift; sourceTree = "<group>"; };
		4A05B0933008F18F00E9D202 /* AuthManagerTests.swift */ = {isa = PBXFileReference; lastKnownFileType = sourcecode.swift; path = AuthManagerTests.swift; sourceTree = "<group>"; };
		4A05B0943008F19400E9D202 /* KeychainServiceTests.swift */ = {isa = PBXFileReference; lastKnownFileType = sourcecode.swift; path = KeychainServiceTests.swift; sourceTree = "<group>"; };
		4A05B0963008F1A400E9D202 /* Debug.xcconfig */ = {isa = PBXFileReference; lastKnownFileType = text.xcconfig; path = Debug.xcconfig; sourceTree = "<group>"; };
		4A05B0973008F1A800E9D202 /* Release.xcconfig */ = {isa = PBXFileReference; lastKnownFileType = text.xcconfig; path = Release.xcconfig; sourceTree = "<group>"; };
		4A05B0A63008F75500E9D202 /* Info.plist */ = {isa = PBXFileReference; lastKnownFileType = text.plist; path = Info.plist; sourceTree = "<group>"; };
		4A05B0AB3008FCB200E9D202 /* LOGINTests.xctest */ = {isa = PBXFileReference; explicitFileType = wrapper.cfbundle; includeInIndex = 0; path = LOGINTests.xctest; sourceTree = BUILT_PRODUCTS_DIR; };
		4AC1D4ED305C1FDF0071D5BE /* Staging.xcconfig */ = {isa = PBXFileReference; lastKnownFileType = text.xcconfig; path = Staging.xcconfig; sourceTree = "<group>"; };
		4AC1D4EE305C200B0071D5BE /* README.md */ = {isa = PBXFileReference; lastKnownFileType = net.daringfireball.markdown; path = README.md; sourceTree = "<group>"; };
		81FA4C19791234F01F1340DE /* Pods-LOGIN.stagging.xcconfig */ = {isa = PBXFileReference; includeInIndex = 1; lastKnownFileType = text.xcconfig; name = "Pods-LOGIN.stagging.xcconfig"; path = "Target Support Files/Pods-LOGIN/Pods-LOGIN.stagging.xcconfig"; sourceTree = "<group>"; };
		8A92E635852EC41937C0CD02 /* Pods-LOGIN.release.xcconfig */ = {isa = PBXFileReference; includeInIndex = 1; lastKnownFileType = text.xcconfig; name = "Pods-LOGIN.release.xcconfig"; path = "Target Support Files/Pods-LOGIN/Pods-LOGIN.release.xcconfig"; sourceTree = "<group>"; };
		AC13F69A6F007946F2B97A34 /* Pods_LOGIN.framework */ = {isa = PBXFileReference; explicitFileType = wrapper.framework; includeInIndex = 0; path = Pods_LOGIN.framework; sourceTree = BUILT_PRODUCTS_DIR; };
/* End PBXFileReference section */

/* Begin PBXFileSystemSynchronizedRootGroup section */
		4A05B0603008EC1B00E9D202 /* LOGIN */ = {
			isa = PBXFileSystemSynchronizedRootGroup;
			path = LOGIN;
			sourceTree = "<group>";
		};
		4A05B0AC3008FCB200E9D202 /* LOGINTests */ = {
			isa = PBXFileSystemSynchronizedRootGroup;
			path = LOGINTests;
			sourceTree = "<group>";
		};
/* End PBXFileSystemSynchronizedRootGroup section */

/* Begin PBXFrameworksBuildPhase section */
		4A05B05B3008EC1B00E9D202 /* Frameworks */ = {
			isa = PBXFrameworksBuildPhase;
			buildActionMask = 2147483647;
			files = (
				E363BDAA9778A62FE728DDB4 /* Pods_LOGIN.framework in Frameworks */,
			);
			runOnlyForDeploymentPostprocessing = 0;
		};
		4A05B0A83008FCB200E9D202 /* Frameworks */ = {
			isa = PBXFrameworksBuildPhase;
			buildActionMask = 2147483647;
			files = (
			);
			runOnlyForDeploymentPostprocessing = 0;
		};
/* End PBXFrameworksBuildPhase section */

/* Begin PBXGroup section */
		4A05B0553008EC1B00E9D202 = {
			isa = PBXGroup;
			children = (
				4A05B0603008EC1B00E9D202 /* LOGIN */,
				4A05B0AC3008FCB200E9D202 /* LOGINTests */,
				4A05B05F3008EC1B00E9D202 /* Products */,
				4A05B0743008F08A00E9D202 /* LOGINTests */,
				4A05B0953008F19C00E9D202 /* Config */,
				91381EA5675B3012605447AE /* Pods */,
				8BA53342F82298F36088BA87 /* Frameworks */,
			);
			sourceTree = "<group>";
		};
		4A05B05F3008EC1B00E9D202 /* Products */ = {
			isa = PBXGroup;
			children = (
				4A05B05E3008EC1B00E9D202 /* LOGIN.app */,
				4A05B0AB3008FCB200E9D202 /* LOGINTests.xctest */,
			);
			name = Products;
			sourceTree = "<group>";
		};
		4A05B0743008F08A00E9D202 /* LOGINTests */ = {
			isa = PBXGroup;
			children = (
				4A05B0753008F08E00E9D202 /* CoreTests */,
			);
			path = LOGINTests;
			sourceTree = "<group>";
		};
		4A05B0753008F08E00E9D202 /* CoreTests */ = {
			isa = PBXGroup;
			children = (
				4A05B0763008F09000E9D202 /* Mocks */,
				4A05B0933008F18F00E9D202 /* AuthManagerTests.swift */,
				4A05B0943008F19400E9D202 /* KeychainServiceTests.swift */,
			);
			path = CoreTests;
			sourceTree = "<group>";
		};
		4A05B0763008F09000E9D202 /* Mocks */ = {
			isa = PBXGroup;
			children = (
				4A05B0913008F17A00E9D202 /* MockHTTPClient.swift */,
				4A05B0923008F17C00E9D202 /* MockKeychainService.swift */,
			);
			path = Mocks;
			sourceTree = "<group>";
		};
		4A05B0953008F19C00E9D202 /* Config */ = {
			isa = PBXGroup;
			children = (
				4A05B0963008F1A400E9D202 /* Debug.xcconfig */,
				4A05B0973008F1A800E9D202 /* Release.xcconfig */,
				4A05B0A63008F75500E9D202 /* Info.plist */,
				4AC1D4ED305C1FDF0071D5BE /* Staging.xcconfig */,
				4AC1D4EE305C200B0071D5BE /* README.md */,
			);
			path = Config;
			sourceTree = "<group>";
		};
		8BA53342F82298F36088BA87 /* Frameworks */ = {
			isa = PBXGroup;
			children = (
				AC13F69A6F007946F2B97A34 /* Pods_LOGIN.framework */,
			);
			name = Frameworks;
			sourceTree = "<group>";
		};
		91381EA5675B3012605447AE /* Pods */ = {
			isa = PBXGroup;
			children = (
				49BF56870BBF34B4F9A1AFDC /* Pods-LOGIN.debug.xcconfig */,
				8A92E635852EC41937C0CD02 /* Pods-LOGIN.release.xcconfig */,
				81FA4C19791234F01F1340DE /* Pods-LOGIN.stagging.xcconfig */,
			);
			path = Pods;
			sourceTree = "<group>";
		};
/* End PBXGroup section */

/* Begin PBXNativeTarget section */
		4A05B05D3008EC1B00E9D202 /* LOGIN */ = {
			isa = PBXNativeTarget;
			buildConfigurationList = 4A05B0693008EC1C00E9D202 /* Build configuration list for PBXNativeTarget "LOGIN" */;
			buildPhases = (
				D7E52016CF0895E9EDE439F6 /* [CP] Check Pods Manifest.lock */,
				4A05B05A3008EC1B00E9D202 /* Sources */,
				4A05B05B3008EC1B00E9D202 /* Frameworks */,
				4A05B05C3008EC1B00E9D202 /* Resources */,
				84E6C99CB3FA8C1F941D8EA1 /* [CP] Embed Pods Frameworks */,
			);
			buildRules = (
			);
			dependencies = (
			);
			fileSystemSynchronizedGroups = (
				4A05B0603008EC1B00E9D202 /* LOGIN */,
			);
			name = LOGIN;
			productName = LOGIN;
			productReference = 4A05B05E3008EC1B00E9D202 /* LOGIN.app */;
			productType = "com.apple.product-type.application";
		};
		4A05B0AA3008FCB200E9D202 /* LOGINTests */ = {
			isa = PBXNativeTarget;
			buildConfigurationList = 4A05B0B13008FCB200E9D202 /* Build configuration list for PBXNativeTarget "LOGINTests" */;
			buildPhases = (
				4A05B0A73008FCB200E9D202 /* Sources */,
				4A05B0A83008FCB200E9D202 /* Frameworks */,
				4A05B0A93008FCB200E9D202 /* Resources */,
			);
			buildRules = (
			);
			dependencies = (
				4A05B0B03008FCB200E9D202 /* PBXTargetDependency */,
			);
			fileSystemSynchronizedGroups = (
				4A05B0AC3008FCB200E9D202 /* LOGINTests */,
			);
			name = LOGINTests;
			productName = LOGINTests;
			productReference = 4A05B0AB3008FCB200E9D202 /* LOGINTests.xctest */;
			productType = "com.apple.product-type.bundle.unit-test";
		};
/* End PBXNativeTarget section */

/* Begin PBXProject section */
		4A05B0563008EC1B00E9D202 /* Project object */ = {
			isa = PBXProject;
			attributes = {
				BuildIndependentTargetsInParallel = 1;
				LastSwiftUpdateCheck = 2660;
				LastUpgradeCheck = 2660;
				TargetAttributes = {
					4A05B05D3008EC1B00E9D202 = {
						CreatedOnToolsVersion = 26.6;
					};
					4A05B0AA3008FCB200E9D202 = {
						CreatedOnToolsVersion = 26.6;
						TestTargetID = 4A05B05D3008EC1B00E9D202;
					};
				};
			};
			buildConfigurationList = 4A05B0593008EC1B00E9D202 /* Build configuration list for PBXProject "LOGIN" */;
			developmentRegion = en;
			hasScannedForEncodings = 0;
			knownRegions = (
				en,
				Base,
			);
			mainGroup = 4A05B0553008EC1B00E9D202;
			minimizedProjectReferenceProxies = 1;
			preferredProjectObjectVersion = 77;
			productRefGroup = 4A05B05F3008EC1B00E9D202 /* Products */;
			projectDirPath = "";
			projectRoot = "";
			targets = (
				4A05B05D3008EC1B00E9D202 /* LOGIN */,
				4A05B0AA3008FCB200E9D202 /* LOGINTests */,
			);
		};
/* End PBXProject section */

/* Begin PBXResourcesBuildPhase section */
		4A05B05C3008EC1B00E9D202 /* Resources */ = {
			isa = PBXResourcesBuildPhase;
			buildActionMask = 2147483647;
			files = (
			);
			runOnlyForDeploymentPostprocessing = 0;
		};
		4A05B0A93008FCB200E9D202 /* Resources */ = {
			isa = PBXResourcesBuildPhase;
			buildActionMask = 2147483647;
			files = (
			);
			runOnlyForDeploymentPostprocessing = 0;
		};
/* End PBXResourcesBuildPhase section */

/* Begin PBXShellScriptBuildPhase section */
		84E6C99CB3FA8C1F941D8EA1 /* [CP] Embed Pods Frameworks */ = {
			isa = PBXShellScriptBuildPhase;
			buildActionMask = 2147483647;
			files = (
			);
			inputFileListPaths = (
				"${PODS_ROOT}/Target Support Files/Pods-LOGIN/Pods-LOGIN-frameworks-${CONFIGURATION}-input-files.xcfilelist",
			);
			inputPaths = (
			);
			name = "[CP] Embed Pods Frameworks";
			outputFileListPaths = (
				"${PODS_ROOT}/Target Support Files/Pods-LOGIN/Pods-LOGIN-frameworks-${CONFIGURATION}-output-files.xcfilelist",
			);
			outputPaths = (
			);
			runOnlyForDeploymentPostprocessing = 0;
			shellPath = /bin/sh;
			shellScript = "\"${PODS_ROOT}/Target Support Files/Pods-LOGIN/Pods-LOGIN-frameworks.sh\"\n";
			showEnvVarsInLog = 0;
		};
		D7E52016CF0895E9EDE439F6 /* [CP] Check Pods Manifest.lock */ = {
			isa = PBXShellScriptBuildPhase;
			buildActionMask = 2147483647;
			files = (
			);
			inputFileListPaths = (
			);
			inputPaths = (
				"${PODS_PODFILE_DIR_PATH}/Podfile.lock",
				"${PODS_ROOT}/Manifest.lock",
			);
			name = "[CP] Check Pods Manifest.lock";
			outputFileListPaths = (
			);
			outputPaths = (
				"$(DERIVED_FILE_DIR)/Pods-LOGIN-checkManifestLockResult.txt",
			);
			runOnlyForDeploymentPostprocessing = 0;
			shellPath = /bin/sh;
			shellScript = "diff \"${PODS_PODFILE_DIR_PATH}/Podfile.lock\" \"${PODS_ROOT}/Manifest.lock\" > /dev/null\nif [ $? != 0 ] ; then\n    # print error to STDERR\n    echo \"error: The sandbox is not in sync with the Podfile.lock. Run 'pod install' or update your CocoaPods installation.\" >&2\n    exit 1\nfi\n# This output is used by Xcode 'outputs' to avoid re-running this script phase.\necho \"SUCCESS\" > \"${SCRIPT_OUTPUT_FILE_0}\"\n";
			showEnvVarsInLog = 0;
		};
/* End PBXShellScriptBuildPhase section */

/* Begin PBXSourcesBuildPhase section */
		4A05B05A3008EC1B00E9D202 /* Sources */ = {
			isa = PBXSourcesBuildPhase;
			buildActionMask = 2147483647;
			files = (
			);
			runOnlyForDeploymentPostprocessing = 0;
		};
		4A05B0A73008FCB200E9D202 /* Sources */ = {
			isa = PBXSourcesBuildPhase;
			buildActionMask = 2147483647;
			files = (
			);
			runOnlyForDeploymentPostprocessing = 0;
		};
/* End PBXSourcesBuildPhase section */

/* Begin PBXTargetDependency section */
		4A05B0B03008FCB200E9D202 /* PBXTargetDependency */ = {
			isa = PBXTargetDependency;
			target = 4A05B05D3008EC1B00E9D202 /* LOGIN */;
			targetProxy = 4A05B0AF3008FCB200E9D202 /* PBXContainerItemProxy */;
		};
/* End PBXTargetDependency section */

/* Begin XCBuildConfiguration section */
		4A05B0673008EC1C00E9D202 /* Debug */ = {
			isa = XCBuildConfiguration;
			baseConfigurationReference = 4A05B0963008F1A400E9D202 /* Debug.xcconfig */;
			buildSettings = {
				ALWAYS_SEARCH_USER_PATHS = NO;
				ASSETCATALOG_COMPILER_GENERATE_SWIFT_ASSET_SYMBOL_EXTENSIONS = YES;
				CLANG_ANALYZER_NONNULL = YES;
				CLANG_ANALYZER_NUMBER_OBJECT_CONVERSION = YES_AGGRESSIVE;
				CLANG_CXX_LANGUAGE_STANDARD = "gnu++20";
				CLANG_ENABLE_MODULES = YES;
				CLANG_ENABLE_OBJC_ARC = YES;
				CLANG_ENABLE_OBJC_WEAK = YES;
				CLANG_WARN_BLOCK_CAPTURE_AUTORELEASING = YES;
				CLANG_WARN_BOOL_CONVERSION = YES;
				CLANG_WARN_COMMA = YES;
				CLANG_WARN_CONSTANT_CONVERSION = YES;
				CLANG_WARN_DEPRECATED_OBJC_IMPLEMENTATIONS = YES;
				CLANG_WARN_DIRECT_OBJC_ISA_USAGE = YES_ERROR;
				CLANG_WARN_DOCUMENTATION_COMMENTS = YES;
				CLANG_WARN_EMPTY_BODY = YES;
				CLANG_WARN_ENUM_CONVERSION = YES;
				CLANG_WARN_INFINITE_RECURSION = YES;
				CLANG_WARN_INT_CONVERSION = YES;
				CLANG_WARN_NON_LITERAL_NULL_CONVERSION = YES;
				CLANG_WARN_OBJC_IMPLICIT_RETAIN_SELF = YES;
				CLANG_WARN_OBJC_LITERAL_CONVERSION = YES;
				CLANG_WARN_OBJC_ROOT_CLASS = YES_ERROR;
				CLANG_WARN_QUOTED_INCLUDE_IN_FRAMEWORK_HEADER = YES;
				CLANG_WARN_RANGE_LOOP_ANALYSIS = YES;
				CLANG_WARN_STRICT_PROTOTYPES = YES;
				CLANG_WARN_SUSPICIOUS_MOVE = YES;
				CLANG_WARN_UNGUARDED_AVAILABILITY = YES_AGGRESSIVE;
				CLANG_WARN_UNREACHABLE_CODE = YES;
				CLANG_WARN__DUPLICATE_METHOD_MATCH = YES;
				COPY_PHASE_STRIP = NO;
				DEBUG_INFORMATION_FORMAT = dwarf;
				ENABLE_STRICT_OBJC_MSGSEND = YES;
				ENABLE_TESTABILITY = YES;
				ENABLE_USER_SCRIPT_SANDBOXING = YES;
				GCC_C_LANGUAGE_STANDARD = gnu17;
				GCC_DYNAMIC_NO_PIC = NO;
				GCC_NO_COMMON_BLOCKS = YES;
				GCC_OPTIMIZATION_LEVEL = 0;
				GCC_PREPROCESSOR_DEFINITIONS = (
					"DEBUG=1",
					"$(inherited)",
				);
				GCC_WARN_64_TO_32_BIT_CONVERSION = YES;
				GCC_WARN_ABOUT_RETURN_TYPE = YES_ERROR;
				GCC_WARN_UNDECLARED_SELECTOR = YES;
				GCC_WARN_UNINITIALIZED_AUTOS = YES_AGGRESSIVE;
				GCC_WARN_UNUSED_FUNCTION = YES;
				GCC_WARN_UNUSED_VARIABLE = YES;
				IPHONEOS_DEPLOYMENT_TARGET = 26.5;
				LOCALIZATION_PREFERS_STRING_CATALOGS = YES;
				MTL_ENABLE_DEBUG_INFO = INCLUDE_SOURCE;
				MTL_FAST_MATH = YES;
				ONLY_ACTIVE_ARCH = YES;
				SDKROOT = iphoneos;
				SWIFT_ACTIVE_COMPILATION_CONDITIONS = "DEBUG $(inherited)";
				SWIFT_OPTIMIZATION_LEVEL = "-Onone";
			};
			name = Debug;
		};
		4A05B0683008EC1C00E9D202 /* Release */ = {
			isa = XCBuildConfiguration;
			baseConfigurationReference = 4A05B0973008F1A800E9D202 /* Release.xcconfig */;
			buildSettings = {
				ALWAYS_SEARCH_USER_PATHS = NO;
				ASSETCATALOG_COMPILER_GENERATE_SWIFT_ASSET_SYMBOL_EXTENSIONS = YES;
				CLANG_ANALYZER_NONNULL = YES;
				CLANG_ANALYZER_NUMBER_OBJECT_CONVERSION = YES_AGGRESSIVE;
				CLANG_CXX_LANGUAGE_STANDARD = "gnu++20";
				CLANG_ENABLE_MODULES = YES;
				CLANG_ENABLE_OBJC_ARC = YES;
				CLANG_ENABLE_OBJC_WEAK = YES;
				CLANG_WARN_BLOCK_CAPTURE_AUTORELEASING = YES;
				CLANG_WARN_BOOL_CONVERSION = YES;
				CLANG_WARN_COMMA = YES;
				CLANG_WARN_CONSTANT_CONVERSION = YES;
				CLANG_WARN_DEPRECATED_OBJC_IMPLEMENTATIONS = YES;
				CLANG_WARN_DIRECT_OBJC_ISA_USAGE = YES_ERROR;
				CLANG_WARN_DOCUMENTATION_COMMENTS = YES;
				CLANG_WARN_EMPTY_BODY = YES;
				CLANG_WARN_ENUM_CONVERSION = YES;
				CLANG_WARN_INFINITE_RECURSION = YES;
				CLANG_WARN_INT_CONVERSION = YES;
				CLANG_WARN_NON_LITERAL_NULL_CONVERSION = YES;
				CLANG_WARN_OBJC_IMPLICIT_RETAIN_SELF = YES;
				CLANG_WARN_OBJC_LITERAL_CONVERSION = YES;
				CLANG_WARN_OBJC_ROOT_CLASS = YES_ERROR;
				CLANG_WARN_QUOTED_INCLUDE_IN_FRAMEWORK_HEADER = YES;
				CLANG_WARN_RANGE_LOOP_ANALYSIS = YES;
				CLANG_WARN_STRICT_PROTOTYPES = YES;
				CLANG_WARN_SUSPICIOUS_MOVE = YES;
				CLANG_WARN_UNGUARDED_AVAILABILITY = YES_AGGRESSIVE;
				CLANG_WARN_UNREACHABLE_CODE = YES;
				CLANG_WARN__DUPLICATE_METHOD_MATCH = YES;
				COPY_PHASE_STRIP = NO;
				DEBUG_INFORMATION_FORMAT = "dwarf-with-dsym";
				ENABLE_NS_ASSERTIONS = NO;
				ENABLE_STRICT_OBJC_MSGSEND = YES;
				ENABLE_USER_SCRIPT_SANDBOXING = YES;
				GCC_C_LANGUAGE_STANDARD = gnu17;
				GCC_NO_COMMON_BLOCKS = YES;
				GCC_WARN_64_TO_32_BIT_CONVERSION = YES;
				GCC_WARN_ABOUT_RETURN_TYPE = YES_ERROR;
				GCC_WARN_UNDECLARED_SELECTOR = YES;
				GCC_WARN_UNINITIALIZED_AUTOS = YES_AGGRESSIVE;
				GCC_WARN_UNUSED_FUNCTION = YES;
				GCC_WARN_UNUSED_VARIABLE = YES;
				IPHONEOS_DEPLOYMENT_TARGET = 26.5;
				LOCALIZATION_PREFERS_STRING_CATALOGS = YES;
				MTL_ENABLE_DEBUG_INFO = NO;
				MTL_FAST_MATH = YES;
				SDKROOT = iphoneos;
				SWIFT_COMPILATION_MODE = wholemodule;
				VALIDATE_PRODUCT = YES;
			};
			name = Release;
		};
		4A05B06A3008EC1C00E9D202 /* Debug */ = {
			isa = XCBuildConfiguration;
			baseConfigurationReference = 4A05B0963008F1A400E9D202 /* Debug.xcconfig */;
			buildSettings = {
				ASSETCATALOG_COMPILER_APPICON_NAME = AppIcon;
				ASSETCATALOG_COMPILER_GLOBAL_ACCENT_COLOR_NAME = AccentColor;
				CODE_SIGN_STYLE = Automatic;
				CURRENT_PROJECT_VERSION = 3;
				DEVELOPMENT_TEAM = TX88WK8T53;
				ENABLE_PREVIEWS = YES;
				GENERATE_INFOPLIST_FILE = NO;
				INFOPLIST_FILE = Config/Info.plist;
				INFOPLIST_KEY_CFBundleDisplayName = "FTD Travel";
				INFOPLIST_KEY_UIApplicationSceneManifest_Generation = YES;
				INFOPLIST_KEY_UIApplicationSupportsIndirectInputEvents = YES;
				INFOPLIST_KEY_UILaunchScreen_Generation = YES;
				INFOPLIST_KEY_UISupportedInterfaceOrientations_iPad = "UIInterfaceOrientationPortrait UIInterfaceOrientationPortraitUpsideDown UIInterfaceOrientationLandscapeLeft UIInterfaceOrientationLandscapeRight";
				INFOPLIST_KEY_UISupportedInterfaceOrientations_iPhone = "UIInterfaceOrientationPortrait UIInterfaceOrientationLandscapeLeft UIInterfaceOrientationLandscapeRight";
				IPHONEOS_DEPLOYMENT_TARGET = 17.6;
				LD_RUNPATH_SEARCH_PATHS = (
					"$(inherited)",
					"@executable_path/Frameworks",
				);
				MARKETING_VERSION = 1.2.2;
				PRODUCT_BUNDLE_IDENTIFIER = com.ftd.travel;
				PRODUCT_NAME = "$(TARGET_NAME)";
				STRING_CATALOG_GENERATE_SYMBOLS = YES;
				SWIFT_APPROACHABLE_CONCURRENCY = YES;
				SWIFT_DEFAULT_ACTOR_ISOLATION = MainActor;
				SWIFT_EMIT_LOC_STRINGS = YES;
				SWIFT_UPCOMING_FEATURE_MEMBER_IMPORT_VISIBILITY = YES;
				SWIFT_VERSION = 5.0;
				TARGETED_DEVICE_FAMILY = "1,2";
			};
			name = Debug;
		};
		4A05B06B3008EC1C00E9D202 /* Release */ = {
			isa = XCBuildConfiguration;
			baseConfigurationReference = 4A05B0973008F1A800E9D202 /* Release.xcconfig */;
			buildSettings = {
				ASSETCATALOG_COMPILER_APPICON_NAME = AppIcon;
				ASSETCATALOG_COMPILER_GLOBAL_ACCENT_COLOR_NAME = AccentColor;
				CODE_SIGN_STYLE = Automatic;
				CURRENT_PROJECT_VERSION = 3;
				DEVELOPMENT_TEAM = TX88WK8T53;
				ENABLE_PREVIEWS = YES;
				GENERATE_INFOPLIST_FILE = NO;
				INFOPLIST_FILE = Config/Info.plist;
				INFOPLIST_KEY_CFBundleDisplayName = "FTD Travel";
				INFOPLIST_KEY_UIApplicationSceneManifest_Generation = YES;
				INFOPLIST_KEY_UIApplicationSupportsIndirectInputEvents = YES;
				INFOPLIST_KEY_UILaunchScreen_Generation = YES;
				INFOPLIST_KEY_UISupportedInterfaceOrientations_iPad = "UIInterfaceOrientationPortrait UIInterfaceOrientationPortraitUpsideDown UIInterfaceOrientationLandscapeLeft UIInterfaceOrientationLandscapeRight";
				INFOPLIST_KEY_UISupportedInterfaceOrientations_iPhone = "UIInterfaceOrientationPortrait UIInterfaceOrientationLandscapeLeft UIInterfaceOrientationLandscapeRight";
				IPHONEOS_DEPLOYMENT_TARGET = 17.6;
				LD_RUNPATH_SEARCH_PATHS = (
					"$(inherited)",
					"@executable_path/Frameworks",
				);
				MARKETING_VERSION = 1.2.2;
				PRODUCT_BUNDLE_IDENTIFIER = com.ftd.travel;
				PRODUCT_NAME = "$(TARGET_NAME)";
				STRING_CATALOG_GENERATE_SYMBOLS = YES;
				SWIFT_APPROACHABLE_CONCURRENCY = YES;
				SWIFT_DEFAULT_ACTOR_ISOLATION = MainActor;
				SWIFT_EMIT_LOC_STRINGS = YES;
				SWIFT_UPCOMING_FEATURE_MEMBER_IMPORT_VISIBILITY = YES;
				SWIFT_VERSION = 5.0;
				TARGETED_DEVICE_FAMILY = "1,2";
			};
			name = Release;
		};
		4A05B0B23008FCB200E9D202 /* Debug */ = {
			isa = XCBuildConfiguration;
			buildSettings = {
				BUNDLE_LOADER = "$(TEST_HOST)";
				CODE_SIGN_STYLE = Automatic;
				CURRENT_PROJECT_VERSION = 1;
				GENERATE_INFOPLIST_FILE = YES;
				MARKETING_VERSION = 1.0;
				PRODUCT_BUNDLE_IDENTIFIER = AdyaEnterprises.LOGINTests;
				PRODUCT_NAME = "$(TARGET_NAME)";
				STRING_CATALOG_GENERATE_SYMBOLS = NO;
				SWIFT_APPROACHABLE_CONCURRENCY = YES;
				SWIFT_EMIT_LOC_STRINGS = NO;
				SWIFT_UPCOMING_FEATURE_MEMBER_IMPORT_VISIBILITY = YES;
				SWIFT_VERSION = 5.0;
				TARGETED_DEVICE_FAMILY = "1,2";
				TEST_HOST = "$(BUILT_PRODUCTS_DIR)/LOGIN.app/$(BUNDLE_EXECUTABLE_FOLDER_PATH)/LOGIN";
			};
			name = Debug;
		};
		4A05B0B33008FCB200E9D202 /* Release */ = {
			isa = XCBuildConfiguration;
			buildSettings = {
				BUNDLE_LOADER = "$(TEST_HOST)";
				CODE_SIGN_STYLE = Automatic;
				CURRENT_PROJECT_VERSION = 1;
				GENERATE_INFOPLIST_FILE = YES;
				MARKETING_VERSION = 1.0;
				PRODUCT_BUNDLE_IDENTIFIER = AdyaEnterprises.LOGINTests;
				PRODUCT_NAME = "$(TARGET_NAME)";
				STRING_CATALOG_GENERATE_SYMBOLS = NO;
				SWIFT_APPROACHABLE_CONCURRENCY = YES;
				SWIFT_EMIT_LOC_STRINGS = NO;
				SWIFT_UPCOMING_FEATURE_MEMBER_IMPORT_VISIBILITY = YES;
				SWIFT_VERSION = 5.0;
				TARGETED_DEVICE_FAMILY = "1,2";
				TEST_HOST = "$(BUILT_PRODUCTS_DIR)/LOGIN.app/$(BUNDLE_EXECUTABLE_FOLDER_PATH)/LOGIN";
			};
			name = Release;
		};
		4AA837E3305C265300389E51 /* Stagging */ = {
			isa = XCBuildConfiguration;
			baseConfigurationReference = 4AC1D4ED305C1FDF0071D5BE /* Staging.xcconfig */;
			buildSettings = {
				ALWAYS_SEARCH_USER_PATHS = NO;
				ASSETCATALOG_COMPILER_GENERATE_SWIFT_ASSET_SYMBOL_EXTENSIONS = YES;
				CLANG_ANALYZER_NONNULL = YES;
				CLANG_ANALYZER_NUMBER_OBJECT_CONVERSION = YES_AGGRESSIVE;
				CLANG_CXX_LANGUAGE_STANDARD = "gnu++20";
				CLANG_ENABLE_MODULES = YES;
				CLANG_ENABLE_OBJC_ARC = YES;
				CLANG_ENABLE_OBJC_WEAK = YES;
				CLANG_WARN_BLOCK_CAPTURE_AUTORELEASING = YES;
				CLANG_WARN_BOOL_CONVERSION = YES;
				CLANG_WARN_COMMA = YES;
				CLANG_WARN_CONSTANT_CONVERSION = YES;
				CLANG_WARN_DEPRECATED_OBJC_IMPLEMENTATIONS = YES;
				CLANG_WARN_DIRECT_OBJC_ISA_USAGE = YES_ERROR;
				CLANG_WARN_DOCUMENTATION_COMMENTS = YES;
				CLANG_WARN_EMPTY_BODY = YES;
				CLANG_WARN_ENUM_CONVERSION = YES;
				CLANG_WARN_INFINITE_RECURSION = YES;
				CLANG_WARN_INT_CONVERSION = YES;
				CLANG_WARN_NON_LITERAL_NULL_CONVERSION = YES;
				CLANG_WARN_OBJC_IMPLICIT_RETAIN_SELF = YES;
				CLANG_WARN_OBJC_LITERAL_CONVERSION = YES;
				CLANG_WARN_OBJC_ROOT_CLASS = YES_ERROR;
				CLANG_WARN_QUOTED_INCLUDE_IN_FRAMEWORK_HEADER = YES;
				CLANG_WARN_RANGE_LOOP_ANALYSIS = YES;
				CLANG_WARN_STRICT_PROTOTYPES = YES;
				CLANG_WARN_SUSPICIOUS_MOVE = YES;
				CLANG_WARN_UNGUARDED_AVAILABILITY = YES_AGGRESSIVE;
				CLANG_WARN_UNREACHABLE_CODE = YES;
				CLANG_WARN__DUPLICATE_METHOD_MATCH = YES;
				COPY_PHASE_STRIP = NO;
				DEBUG_INFORMATION_FORMAT = "dwarf-with-dsym";
				ENABLE_NS_ASSERTIONS = NO;
				ENABLE_STRICT_OBJC_MSGSEND = YES;
				ENABLE_USER_SCRIPT_SANDBOXING = YES;
				GCC_C_LANGUAGE_STANDARD = gnu17;
				GCC_NO_COMMON_BLOCKS = YES;
				GCC_WARN_64_TO_32_BIT_CONVERSION = YES;
				GCC_WARN_ABOUT_RETURN_TYPE = YES_ERROR;
				GCC_WARN_UNDECLARED_SELECTOR = YES;
				GCC_WARN_UNINITIALIZED_AUTOS = YES_AGGRESSIVE;
				GCC_WARN_UNUSED_FUNCTION = YES;
				GCC_WARN_UNUSED_VARIABLE = YES;
				IPHONEOS_DEPLOYMENT_TARGET = 26.5;
				LOCALIZATION_PREFERS_STRING_CATALOGS = YES;
				MTL_ENABLE_DEBUG_INFO = NO;
				MTL_FAST_MATH = YES;
				SDKROOT = iphoneos;
				SWIFT_COMPILATION_MODE = wholemodule;
				VALIDATE_PRODUCT = YES;
			};
			name = Stagging;
		};
		4AA837E4305C265300389E51 /* Stagging */ = {
			isa = XCBuildConfiguration;
			baseConfigurationReference = 4AC1D4ED305C1FDF0071D5BE /* Staging.xcconfig */;
			buildSettings = {
				ASSETCATALOG_COMPILER_APPICON_NAME = AppIcon;
				ASSETCATALOG_COMPILER_GLOBAL_ACCENT_COLOR_NAME = AccentColor;
				CODE_SIGN_STYLE = Automatic;
				CURRENT_PROJECT_VERSION = 3;
				DEVELOPMENT_TEAM = TX88WK8T53;
				ENABLE_PREVIEWS = YES;
				GENERATE_INFOPLIST_FILE = NO;
				INFOPLIST_FILE = Config/Info.plist;
				INFOPLIST_KEY_CFBundleDisplayName = "FTD Travel";
				INFOPLIST_KEY_UIApplicationSceneManifest_Generation = YES;
				INFOPLIST_KEY_UIApplicationSupportsIndirectInputEvents = YES;
				INFOPLIST_KEY_UILaunchScreen_Generation = YES;
				INFOPLIST_KEY_UISupportedInterfaceOrientations_iPad = "UIInterfaceOrientationPortrait UIInterfaceOrientationPortraitUpsideDown UIInterfaceOrientationLandscapeLeft UIInterfaceOrientationLandscapeRight";
				INFOPLIST_KEY_UISupportedInterfaceOrientations_iPhone = "UIInterfaceOrientationPortrait UIInterfaceOrientationLandscapeLeft UIInterfaceOrientationLandscapeRight";
				IPHONEOS_DEPLOYMENT_TARGET = 17.6;
				LD_RUNPATH_SEARCH_PATHS = (
					"$(inherited)",
					"@executable_path/Frameworks",
				);
				MARKETING_VERSION = 1.2.2;
				PRODUCT_BUNDLE_IDENTIFIER = com.ftd.travel;
				PRODUCT_NAME = "$(TARGET_NAME)";
				STRING_CATALOG_GENERATE_SYMBOLS = YES;
				SWIFT_APPROACHABLE_CONCURRENCY = YES;
				SWIFT_DEFAULT_ACTOR_ISOLATION = MainActor;
				SWIFT_EMIT_LOC_STRINGS = YES;
				SWIFT_UPCOMING_FEATURE_MEMBER_IMPORT_VISIBILITY = YES;
				SWIFT_VERSION = 5.0;
				TARGETED_DEVICE_FAMILY = "1,2";
			};
			name = Stagging;
		};
		4AA837E5305C265300389E51 /* Stagging */ = {
			isa = XCBuildConfiguration;
			buildSettings = {
				BUNDLE_LOADER = "$(TEST_HOST)";
				CODE_SIGN_STYLE = Automatic;
				CURRENT_PROJECT_VERSION = 1;
				GENERATE_INFOPLIST_FILE = YES;
				MARKETING_VERSION = 1.0;
				PRODUCT_BUNDLE_IDENTIFIER = AdyaEnterprises.LOGINTests;
				PRODUCT_NAME = "$(TARGET_NAME)";
				STRING_CATALOG_GENERATE_SYMBOLS = NO;
				SWIFT_APPROACHABLE_CONCURRENCY = YES;
				SWIFT_EMIT_LOC_STRINGS = NO;
				SWIFT_UPCOMING_FEATURE_MEMBER_IMPORT_VISIBILITY = YES;
				SWIFT_VERSION = 5.0;
				TARGETED_DEVICE_FAMILY = "1,2";
				TEST_HOST = "$(BUILT_PRODUCTS_DIR)/LOGIN.app/$(BUNDLE_EXECUTABLE_FOLDER_PATH)/LOGIN";
			};
			name = Stagging;
		};
/* End XCBuildConfiguration section */

/* Begin XCConfigurationList section */
		4A05B0593008EC1B00E9D202 /* Build configuration list for PBXProject "LOGIN" */ = {
			isa = XCConfigurationList;
			buildConfigurations = (
				4A05B0673008EC1C00E9D202 /* Debug */,
				4A05B0683008EC1C00E9D202 /* Release */,
				4AA837E3305C265300389E51 /* Stagging */,
			);
			defaultConfigurationIsVisible = 0;
			defaultConfigurationName = Release;
		};
		4A05B0693008EC1C00E9D202 /* Build configuration list for PBXNativeTarget "LOGIN" */ = {
			isa = XCConfigurationList;
			buildConfigurations = (
				4A05B06A3008EC1C00E9D202 /* Debug */,
				4A05B06B3008EC1C00E9D202 /* Release */,
				4AA837E4305C265300389E51 /* Stagging */,
			);
			defaultConfigurationIsVisible = 0;
			defaultConfigurationName = Release;
		};
		4A05B0B13008FCB200E9D202 /* Build configuration list for PBXNativeTarget "LOGINTests" */ = {
			isa = XCConfigurationList;
			buildConfigurations = (
				4A05B0B23008FCB200E9D202 /* Debug */,
				4A05B0B33008FCB200E9D202 /* Release */,
				4AA837E5305C265300389E51 /* Stagging */,
			);
			defaultConfigurationIsVisible = 0;
			defaultConfigurationName = Release;
		};
/* End XCConfigurationList section */
	};
	rootObject = 4A05B0563008EC1B00E9D202 /* Project object */;
}
